
Microsoft Visual Studio Solution File, Format Version 12.00
# Visual Studio 15
VisualStudioVersion = 15.0.28010.2048
MinimumVisualStudioVersion = 10.0.40219.1
Project("{FAE04EC0-301F-11D3-BF4B-00C04F79EFBC}") = "XYMS.WPFUI", "XYMS.WPFUI\XYMS.WPFUI.csproj", "{AB9A77C5-CA00-4B07-8C50-4E27E9D19AC9}"
EndProject
Project("{2150E333-8FDC-42A3-9474-1A3956D46DE8}") = "Auth", "Auth", "{29EC3E59-4C7E-4DB0-96F4-5D87ABAE9F47}"
EndProject
Project("{2150E333-8FDC-42A3-9474-1A3956D46DE8}") = "Characters", "Characters", "{556383A4-2BA0-448A-9674-EE1E9E585331}"
EndProject
Project("{2150E333-8FDC-42A3-9474-1A3956D46DE8}") = "World", "World", "{A2E4121B-C8DE-44CD-9FC6-9D6EA1E93552}"
EndProject
Project("{9A19103F-16F7-4668-BE54-9A1E7A4F7556}") = "XYMS.Auth.Domain", "XYMS.Auth.Domain\XYMS.Auth.Domain.csproj", "{4F5DA718-3501-40DF-9CB3-CCF8D0C1509C}"
EndProject
Project("{9A19103F-16F7-4668-BE54-9A1E7A4F7556}") = "XYMS.Auth.Common", "XYMS.Auth.Common\XYMS.Auth.Common.csproj", "{9F16A806-45A1-40B5-81DC-AEDD639C1ABE}"
EndProject
Project("{9A19103F-16F7-4668-BE54-9A1E7A4F7556}") = "XYMS.Auth.Service", "XYMS.Auth.Service\XYMS.Auth.Service.csproj", "{9355E45A-2F45-45BE-8AF5-9AE6C4C6FBD1}"
EndProject
Project("{9A19103F-16F7-4668-BE54-9A1E7A4F7556}") = "XYMS.Auth.ServiceImpl", "XYMS.Auth.ServiceImpl\XYMS.Auth.ServiceImpl.csproj", "{6328CFD1-F592-490D-90AC-FB8D8B6F16BA}"
EndProject
Project("{9A19103F-16F7-4668-BE54-9A1E7A4F7556}") = "XYMS.Auth.DTO", "XYMS.Auth.DTO\XYMS.Auth.DTO.csproj", "{7AE0CEA3-B7B4-4AAA-A5F0-235ED0EBDF2E}"
EndProject
Project("{9A19103F-16F7-4668-BE54-9A1E7A4F7556}") = "XYMS.Characters.Common", "XYMS.Characters.Common\XYMS.Characters.Common.csproj", "{B6D792E8-033E-4271-AF3F-FD41AC541625}"
EndProject
Project("{9A19103F-16F7-4668-BE54-9A1E7A4F7556}") = "XYMS.Characters.Domain", "XYMS.Characters.Domain\XYMS.Characters.Domain.csproj", "{9B6EEDBF-53FC-4738-B083-5E76A0C56631}"
EndProject
Project("{9A19103F-16F7-4668-BE54-9A1E7A4F7556}") = "XYMS.Characters.DTO", "XYMS.Characters.DTO\XYMS.Characters.DTO.csproj", "{4DE7BFE9-5041-4B79-8B4A-65A7095D543E}"
EndProject
Project("{9A19103F-16F7-4668-BE54-9A1E7A4F7556}") = "XYMS.Characters.Service", "XYMS.Characters.Service\XYMS.Characters.Service.csproj", "{8A96F4E5-0238-4839-BBA0-E673187F5DFF}"
EndProject
Project("{9A19103F-16F7-4668-BE54-9A1E7A4F7556}") = "XYMS.Characters.ServiceImpl", "XYMS.Characters.ServiceImpl\XYMS.Characters.ServiceImpl.csproj", "{E52D8B95-6BC8-438E-B888-362BCF705AD6}"
EndProject
Project("{9A19103F-16F7-4668-BE54-9A1E7A4F7556}") = "XYMS.World.Common", "XYMS.World.Common\XYMS.World.Common.csproj", "{0C36041C-ED9E-4CC4-91A5-AABB385138CA}"
EndProject
Project("{9A19103F-16F7-4668-BE54-9A1E7A4F7556}") = "XYMS.World.Domain", "XYMS.World.Domain\XYMS.World.Domain.csproj", "{79B212AD-3C83-449F-BD18-DB377672F996}"
EndProject
Project("{9A19103F-16F7-4668-BE54-9A1E7A4F7556}") = "XYMS.World.DTO", "XYMS.World.DTO\XYMS.World.DTO.csproj", "{7B602E5F-D551-4527-8C52-EF04814BE308}"
EndProject
Project("{9A19103F-16F7-4668-BE54-9A1E7A4F7556}") = "XYMS.World.Service", "XYMS.World.Service\XYMS.World.Service.csproj", "{0AD0AB50-75B5-4E5C-A0F0-05A00E626AF2}"
EndProject
Project("{9A19103F-16F7-4668-BE54-9A1E7A4F7556}") = "XYMS.World.ServiceImpl", "XYMS.World.ServiceImpl\XYMS.World.ServiceImpl.csproj", "{ABE5C35A-A27C-45FD-B5D9-5D59B9591559}"
EndProject
Project("{2150E333-8FDC-42A3-9474-1A3956D46DE8}") = "WPFUI", "WPFUI", "{B1E8BED8-DE81-41AB-8E18-035853DEF0FD}"
EndProject
Project("{FAE04EC0-301F-11D3-BF4B-00C04F79EFBC}") = "XYMS.WPFControlLib", "XYMS.WPFControlLib\XYMS.WPFControlLib.csproj", "{5138B780-761B-448E-BF3A-EDA14FFBB234}"
EndProject
Project("{FAE04EC0-301F-11D3-BF4B-00C04F79EFBC}") = "XYMS.WPFCustomControlLib", "XYMS.WPFCustomControlLib\XYMS.WPFCustomControlLib.csproj", "{0351F585-B362-43CA-A347-D58F11B37CB6}"
EndProject
Project("{FAE04EC0-301F-11D3-BF4B-00C04F79EFBC}") = "XYMS.WPFCommon", "XYMS.WPFCommon\XYMS.WPFCommon.csproj", "{29B67184-6683-47DF-9779-FCDE81053BCF}"
EndProject
Global
	GlobalSection(SolutionConfigurationPlatforms) = preSolution
		Debug|Any CPU = Debug|Any CPU
		Release|Any CPU = Release|Any CPU
	EndGlobalSection
	GlobalSection(ProjectConfigurationPlatforms) = postSolution
		{AB9A77C5-CA00-4B07-8C50-4E27E9D19AC9}.Debug|Any CPU.ActiveCfg = Debug|Any CPU
		{AB9A77C5-CA00-4B07-8C50-4E27E9D19AC9}.Debug|Any CPU.Build.0 = Debug|Any CPU
		{AB9A77C5-CA00-4B07-8C50-4E27E9D19AC9}.Release|Any CPU.ActiveCfg = Release|Any CPU
		{AB9A77C5-CA00-4B07-8C50-4E27E9D19AC9}.Release|Any CPU.Build.0 = Release|Any CPU
		{4F5DA718-3501-40DF-9CB3-CCF8D0C1509C}.Debug|Any CPU.ActiveCfg = Debug|Any CPU
		{4F5DA718-3501-40DF-9CB3-CCF8D0C1509C}.Debug|Any CPU.Build.0 = Debug|Any CPU
		{4F5DA718-3501-40DF-9CB3-CCF8D0C1509C}.Release|Any CPU.ActiveCfg = Release|Any CPU
		{4F5DA718-3501-40DF-9CB3-CCF8D0C1509C}.Release|Any CPU.Build.0 = Release|Any CPU
		{9F16A806-45A1-40B5-81DC-AEDD639C1ABE}.Debug|Any CPU.ActiveCfg = Debug|Any CPU
		{9F16A806-45A1-40B5-81DC-AEDD639C1ABE}.Debug|Any CPU.Build.0 = Debug|Any CPU
		{9F16A806-45A1-40B5-81DC-AEDD639C1ABE}.Release|Any CPU.ActiveCfg = Release|Any CPU
		{9F16A806-45A1-40B5-81DC-AEDD639C1ABE}.Release|Any CPU.Build.0 = Release|Any CPU
		{9355E45A-2F45-45BE-8AF5-9AE6C4C6FBD1}.Debug|Any CPU.ActiveCfg = Debug|Any CPU
		{9355E45A-2F45-45BE-8AF5-9AE6C4C6FBD1}.Debug|Any CPU.Build.0 = Debug|Any CPU
		{9355E45A-2F45-45BE-8AF5-9AE6C4C6FBD1}.Release|Any CPU.ActiveCfg = Release|Any CPU
		{9355E45A-2F45-45BE-8AF5-9AE6C4C6FBD1}.Release|Any CPU.Build.0 = Release|Any CPU
		{6328CFD1-F592-490D-90AC-FB8D8B6F16BA}.Debug|Any CPU.ActiveCfg = Debug|Any CPU
		{6328CFD1-F592-490D-90AC-FB8D8B6F16BA}.Debug|Any CPU.Build.0 = Debug|Any CPU
		{6328CFD1-F592-490D-90AC-FB8D8B6F16BA}.Release|Any CPU.ActiveCfg = Release|Any CPU
		{6328CFD1-F592-490D-90AC-FB8D8B6F16BA}.Release|Any CPU.Build.0 = Release|Any CPU
		{7AE0CEA3-B7B4-4AAA-A5F0-235ED0EBDF2E}.Debug|Any CPU.ActiveCfg = Debug|Any CPU
		{7AE0CEA3-B7B4-4AAA-A5F0-235ED0EBDF2E}.Debug|Any CPU.Build.0 = Debug|Any CPU
		{7AE0CEA3-B7B4-4AAA-A5F0-235ED0EBDF2E}.Release|Any CPU.ActiveCfg = Release|Any CPU
		{7AE0CEA3-B7B4-4AAA-A5F0-235ED0EBDF2E}.Release|Any CPU.Build.0 = Release|Any CPU
		{B6D792E8-033E-4271-AF3F-FD41AC541625}.Debug|Any CPU.ActiveCfg = Debug|Any CPU
		{B6D792E8-033E-4271-AF3F-FD41AC541625}.Debug|Any CPU.Build.0 = Debug|Any CPU
		{B6D792E8-033E-4271-AF3F-FD41AC541625}.Release|Any CPU.ActiveCfg = Release|Any CPU
		{B6D792E8-033E-4271-AF3F-FD41AC541625}.Release|Any CPU.Build.0 = Release|Any CPU
		{9B6EEDBF-53FC-4738-B083-5E76A0C56631}.Debug|Any CPU.ActiveCfg = Debug|Any CPU
		{9B6EEDBF-53FC-4738-B083-5E76A0C56631}.Debug|Any CPU.Build.0 = Debug|Any CPU
		{9B6EEDBF-53FC-4738-B083-5E76A0C56631}.Release|Any CPU.ActiveCfg = Release|Any CPU
		{9B6EEDBF-53FC-4738-B083-5E76A0C56631}.Release|Any CPU.Build.0 = Release|Any CPU
		{4DE7BFE9-5041-4B79-8B4A-65A7095D543E}.Debug|Any CPU.ActiveCfg = Debug|Any CPU
		{4DE7BFE9-5041-4B79-8B4A-65A7095D543E}.Debug|Any CPU.Build.0 = Debug|Any CPU
		{4DE7BFE9-5041-4B79-8B4A-65A7095D543E}.Release|Any CPU.ActiveCfg = Release|Any CPU
		{4DE7BFE9-5041-4B79-8B4A-65A7095D543E}.Release|Any CPU.Build.0 = Release|Any CPU
		{8A96F4E5-0238-4839-BBA0-E673187F5DFF}.Debug|Any CPU.ActiveCfg = Debug|Any CPU
		{8A96F4E5-0238-4839-BBA0-E673187F5DFF}.Debug|Any CPU.Build.0 = Debug|Any CPU
		{8A96F4E5-0238-4839-BBA0-E673187F5DFF}.Release|Any CPU.ActiveCfg = Release|Any CPU
		{8A96F4E5-0238-4839-BBA0-E673187F5DFF}.Release|Any CPU.Build.0 = Release|Any CPU
		{E52D8B95-6BC8-438E-B888-362BCF705AD6}.Debug|Any CPU.ActiveCfg = Debug|Any CPU
		{E52D8B95-6BC8-438E-B888-362BCF705AD6}.Debug|Any CPU.Build.0 = Debug|Any CPU
		{E52D8B95-6BC8-438E-B888-362BCF705AD6}.Release|Any CPU.ActiveCfg = Release|Any CPU
		{E52D8B95-6BC8-438E-B888-362BCF705AD6}.Release|Any CPU.Build.0 = Release|Any CPU
		{0C36041C-ED9E-4CC4-91A5-AABB385138CA}.Debug|Any CPU.ActiveCfg = Debug|Any CPU
		{0C36041C-ED9E-4CC4-91A5-AABB385138CA}.Debug|Any CPU.Build.0 = Debug|Any CPU
		{0C36041C-ED9E-4CC4-91A5-AABB385138CA}.Release|Any CPU.ActiveCfg = Release|Any CPU
		{0C36041C-ED9E-4CC4-91A5-AABB385138CA}.Release|Any CPU.Build.0 = Release|Any CPU
		{79B212AD-3C83-449F-BD18-DB377672F996}.Debug|Any CPU.ActiveCfg = Debug|Any CPU
		{79B212AD-3C83-449F-BD18-DB377672F996}.Debug|Any CPU.Build.0 = Debug|Any CPU
		{79B212AD-3C83-449F-BD18-DB377672F996}.Release|Any CPU.ActiveCfg = Release|Any CPU
		{79B212AD-3C83-449F-BD18-DB377672F996}.Release|Any CPU.Build.0 = Release|Any CPU
		{7B602E5F-D551-4527-8C52-EF04814BE308}.Debug|Any CPU.ActiveCfg = Debug|Any CPU
		{7B602E5F-D551-4527-8C52-EF04814BE308}.Debug|Any CPU.Build.0 = Debug|Any CPU
		{7B602E5F-D551-4527-8C52-EF04814BE308}.Release|Any CPU.ActiveCfg = Release|Any CPU
		{7B602E5F-D551-4527-8C52-EF04814BE308}.Release|Any CPU.Build.0 = Release|Any CPU
		{0AD0AB50-75B5-4E5C-A0F0-05A00E626AF2}.Debug|Any CPU.ActiveCfg = Debug|Any CPU
		{0AD0AB50-75B5-4E5C-A0F0-05A00E626AF2}.Debug|Any CPU.Build.0 = Debug|Any CPU
		{0AD0AB50-75B5-4E5C-A0F0-05A00E626AF2}.Release|Any CPU.ActiveCfg = Release|Any CPU
		{0AD0AB50-75B5-4E5C-A0F0-05A00E626AF2}.Release|Any CPU.Build.0 = Release|Any CPU
		{ABE5C35A-A27C-45FD-B5D9-5D59B9591559}.Debug|Any CPU.ActiveCfg = Debug|Any CPU
		{ABE5C35A-A27C-45FD-B5D9-5D59B9591559}.Debug|Any CPU.Build.0 = Debug|Any CPU
		{ABE5C35A-A27C-45FD-B5D9-5D59B9591559}.Release|Any CPU.ActiveCfg = Release|Any CPU
		{ABE5C35A-A27C-45FD-B5D9-5D59B9591559}.Release|Any CPU.Build.0 = Release|Any CPU
		{5138B780-761B-448E-BF3A-EDA14FFBB234}.Debug|Any CPU.ActiveCfg = Debug|Any CPU
		{5138B780-761B-448E-BF3A-EDA14FFBB234}.Debug|Any CPU.Build.0 = Debug|Any CPU
		{5138B780-761B-448E-BF3A-EDA14FFBB234}.Release|Any CPU.ActiveCfg = Release|Any CPU
		{5138B780-761B-448E-BF3A-EDA14FFBB234}.Release|Any CPU.Build.0 = Release|Any CPU
		{0351F585-B362-43CA-A347-D58F11B37CB6}.Debug|Any CPU.ActiveCfg = Debug|Any CPU
		{0351F585-B362-43CA-A347-D58F11B37CB6}.Debug|Any CPU.Build.0 = Debug|Any CPU
		{0351F585-B362-43CA-A347-D58F11B37CB6}.Release|Any CPU.ActiveCfg = Release|Any CPU
		{0351F585-B362-43CA-A347-D58F11B37CB6}.Release|Any CPU.Build.0 = Release|Any CPU
		{29B67184-6683-47DF-9779-FCDE81053BCF}.Debug|Any CPU.ActiveCfg = Debug|Any CPU
		{29B67184-6683-47DF-9779-FCDE81053BCF}.Debug|Any CPU.Build.0 = Debug|Any CPU
		{29B67184-6683-47DF-9779-FCDE81053BCF}.Release|Any CPU.ActiveCfg = Release|Any CPU
		{29B67184-6683-47DF-9779-FCDE81053BCF}.Release|Any CPU.Build.0 = Release|Any CPU
	EndGlobalSection
	GlobalSection(SolutionProperties) = preSolution
		HideSolutionNode = FALSE
	EndGlobalSection
	GlobalSection(NestedProjects) = preSolution
		{AB9A77C5-CA00-4B07-8C50-4E27E9D19AC9} = {B1E8BED8-DE81-41AB-8E18-035853DEF0FD}
		{4F5DA718-3501-40DF-9CB3-CCF8D0C1509C} = {29EC3E59-4C7E-4DB0-96F4-5D87ABAE9F47}
		{9F16A806-45A1-40B5-81DC-AEDD639C1ABE} = {29EC3E59-4C7E-4DB0-96F4-5D87ABAE9F47}
		{9355E45A-2F45-45BE-8AF5-9AE6C4C6FBD1} = {29EC3E59-4C7E-4DB0-96F4-5D87ABAE9F47}
		{6328CFD1-F592-490D-90AC-FB8D8B6F16BA} = {29EC3E59-4C7E-4DB0-96F4-5D87ABAE9F47}
		{7AE0CEA3-B7B4-4AAA-A5F0-235ED0EBDF2E} = {29EC3E59-4C7E-4DB0-96F4-5D87ABAE9F47}
		{B6D792E8-033E-4271-AF3F-FD41AC541625} = {556383A4-2BA0-448A-9674-EE1E9E585331}
		{9B6EEDBF-53FC-4738-B083-5E76A0C56631} = {556383A4-2BA0-448A-9674-EE1E9E585331}
		{4DE7BFE9-5041-4B79-8B4A-65A7095D543E} = {556383A4-2BA0-448A-9674-EE1E9E585331}
		{8A96F4E5-0238-4839-BBA0-E673187F5DFF} = {556383A4-2BA0-448A-9674-EE1E9E585331}
		{E52D8B95-6BC8-438E-B888-362BCF705AD6} = {556383A4-2BA0-448A-9674-EE1E9E585331}
		{0C36041C-ED9E-4CC4-91A5-AABB385138CA} = {A2E4121B-C8DE-44CD-9FC6-9D6EA1E93552}
		{79B212AD-3C83-449F-BD18-DB377672F996} = {A2E4121B-C8DE-44CD-9FC6-9D6EA1E93552}
		{7B602E5F-D551-4527-8C52-EF04814BE308} = {A2E4121B-C8DE-44CD-9FC6-9D6EA1E93552}
		{0AD0AB50-75B5-4E5C-A0F0-05A00E626AF2} = {A2E4121B-C8DE-44CD-9FC6-9D6EA1E93552}
		{ABE5C35A-A27C-45FD-B5D9-5D59B9591559} = {A2E4121B-C8DE-44CD-9FC6-9D6EA1E93552}
		{5138B780-761B-448E-BF3A-EDA14FFBB234} = {B1E8BED8-DE81-41AB-8E18-035853DEF0FD}
		{0351F585-B362-43CA-A347-D58F11B37CB6} = {B1E8BED8-DE81-41AB-8E18-035853DEF0FD}
		{29B67184-6683-47DF-9779-FCDE81053BCF} = {B1E8BED8-DE81-41AB-8E18-035853DEF0FD}
	EndGlobalSection
	GlobalSection(ExtensibilityGlobals) = postSolution
		SolutionGuid = {FE667156-E91D-48FD-BF0F-D47BAD927748}
	EndGlobalSection
EndGlobal
